
Microsoft Visual Studio Solution File, Format Version 12.00
# Visual Studio Version 18
VisualStudioVersion = 18.1.11312.151
MinimumVisualStudioVersion = 10.0.40219.1
Project("{2150E333-8FDC-42A3-9474-1A3956D46DE8}") = "src", "src", "{6DD0E58F-2BBC-476D-87C8-54144F648255}"
EndProject
Project("{2150E333-8FDC-42A3-9474-1A3956D46DE8}") = "samples", "samples", "{BF60A301-FF3A-4473-A83F-6B8D6492C6BC}"
EndProject
Project("{2150E333-8FDC-42A3-9474-1A3956D46DE8}") = "test", "test", "{A42179A6-6E85-4587-8FD0-321A04941BDC}"
EndProject
Project("{2150E333-8FDC-42A3-9474-1A3956D46DE8}") = "Solution Folder", "Solution Folder", "{6973E0FE-2D5D-48DA-8C59-07E86ED8EA46}"
	ProjectSection(SolutionItems) = preProject
		README.md = README.md
	EndProjectSection
EndProject
Project("{FAE04EC0-301F-11D3-BF4B-00C04F79EFBC}") = "Alastack.Cas", "src\Alastack.Cas\Alastack.Cas.csproj", "{F18A9C4F-D6E7-BDA1-027F-FE2AD90A7BCA}"
EndProject
Project("{FAE04EC0-301F-11D3-BF4B-00C04F79EFBC}") = "CasClientSample", "samples\CasClientSample\CasClientSample.csproj", "{5FA0F816-0E1F-32CA-A655-7839071D8D73}"
EndProject
Global
	GlobalSection(SolutionConfigurationPlatforms) = preSolution
		Debug|Any CPU = Debug|Any CPU
		Release|Any CPU = Release|Any CPU
	EndGlobalSection
	GlobalSection(ProjectConfigurationPlatforms) = postSolution
		{F18A9C4F-D6E7-BDA1-027F-FE2AD90A7BCA}.Debug|Any CPU.ActiveCfg = Debug|Any CPU
		{F18A9C4F-D6E7-BDA1-027F-FE2AD90A7BCA}.Debug|Any CPU.Build.0 = Debug|Any CPU
		{F18A9C4F-D6E7-BDA1-027F-FE2AD90A7BCA}.Release|Any CPU.ActiveCfg = Release|Any CPU
		{F18A9C4F-D6E7-BDA1-027F-FE2AD90A7BCA}.Release|Any CPU.Build.0 = Release|Any CPU
		{5FA0F816-0E1F-32CA-A655-7839071D8D73}.Debug|Any CPU.ActiveCfg = Debug|Any CPU
		{5FA0F816-0E1F-32CA-A655-7839071D8D73}.Debug|Any CPU.Build.0 = Debug|Any CPU
		{5FA0F816-0E1F-32CA-A655-7839071D8D73}.Release|Any CPU.ActiveCfg = Release|Any CPU
		{5FA0F816-0E1F-32CA-A655-7839071D8D73}.Release|Any CPU.Build.0 = Release|Any CPU
	EndGlobalSection
	GlobalSection(SolutionProperties) = preSolution
		HideSolutionNode = FALSE
	EndGlobalSection
	GlobalSection(NestedProjects) = preSolution
		{F18A9C4F-D6E7-BDA1-027F-FE2AD90A7BCA} = {6DD0E58F-2BBC-476D-87C8-54144F648255}
		{5FA0F816-0E1F-32CA-A655-7839071D8D73} = {BF60A301-FF3A-4473-A83F-6B8D6492C6BC}
	EndGlobalSection
	GlobalSection(ExtensibilityGlobals) = postSolution
		SolutionGuid = {D3DC9B15-AA95-4DFA-BEBD-443300D3346F}
	EndGlobalSection
EndGlobal
